
Microsoft Visual Studio Solution File, Format Version 12.00
# Visual Studio Version 17
VisualStudioVersion = 17.1.32210.238
MinimumVisualStudioVersion = 10.0.40219.1
Project("{9A19103F-16F7-4668-BE54-9A1E7A4F7556}") = "TangyWeb_Server", "TangyWeb_Server\TangyWeb_Server.csproj", "{CD0693EF-2EC3-410C-AE10-61A0022F2668}"
EndProject
Project("{9A19103F-16F7-4668-BE54-9A1E7A4F7556}") = "TangyWeb_Client", "TangyWeb_Client\TangyWeb_Client.csproj", "{1EA9A156-AB4B-47F8-910E-3678DDE96F33}"
EndProject
Project("{9A19103F-16F7-4668-BE54-9A1E7A4F7556}") = "Tangy_Models", "Tangy_Models\Tangy_Models.csproj", "{6FF7E90D-8C99-4C20-B446-BE7BC8C26053}"
EndProject
Global
	GlobalSection(SolutionConfigurationPlatforms) = preSolution
		Debug|Any CPU = Debug|Any CPU
		Release|Any CPU = Release|Any CPU
	EndGlobalSection
	GlobalSection(ProjectConfigurationPlatforms) = postSolution
		{CD0693EF-2EC3-410C-AE10-61A0022F2668}.Debug|Any CPU.ActiveCfg = Debug|Any CPU
		{CD0693EF-2EC3-410C-AE10-61A0022F2668}.Debug|Any CPU.Build.0 = Debug|Any CPU
		{CD0693EF-2EC3-410C-AE10-61A0022F2668}.Release|Any CPU.ActiveCfg = Release|Any CPU
		{CD0693EF-2EC3-410C-AE10-61A0022F2668}.Release|Any CPU.Build.0 = Release|Any CPU
		{1EA9A156-AB4B-47F8-910E-3678DDE96F33}.Debug|Any CPU.ActiveCfg = Debug|Any CPU
		{1EA9A156-AB4B-47F8-910E-3678DDE96F33}.Debug|Any CPU.Build.0 = Debug|Any CPU
		{1EA9A156-AB4B-47F8-910E-3678DDE96F33}.Release|Any CPU.ActiveCfg = Release|Any CPU
		{1EA9A156-AB4B-47F8-910E-3678DDE96F33}.Release|Any CPU.Build.0 = Release|Any CPU
		{6FF7E90D-8C99-4C20-B446-BE7BC8C26053}.Debug|Any CPU.ActiveCfg = Debug|Any CPU
		{6FF7E90D-8C99-4C20-B446-BE7BC8C26053}.Debug|Any CPU.Build.0 = Debug|Any CPU
		{6FF7E90D-8C99-4C20-B446-BE7BC8C26053}.Release|Any CPU.ActiveCfg = Release|Any CPU
		{6FF7E90D-8C99-4C20-B446-BE7BC8C26053}.Release|Any CPU.Build.0 = Release|Any CPU
	EndGlobalSection
	GlobalSection(SolutionProperties) = preSolution
		HideSolutionNode = FALSE
	EndGlobalSection
	GlobalSection(ExtensibilityGlobals) = postSolution
		SolutionGuid = {4B81D562-E2A4-4AE3-87E3-3DC82F387220}
	EndGlobalSection
EndGlobal
