
Microsoft Visual Studio Solution File, Format Version 12.00
# Visual Studio Version 17
VisualStudioVersion = 17.1.32210.238
MinimumVisualStudioVersion = 10.0.40219.1
Project("{FAE04EC0-301F-11D3-BF4B-00C04F79EFBC}") = "TangyWeb_Server", "TangyWeb_Server\TangyWeb_Server.csproj", "{CD0693EF-2EC3-410C-AE10-61A0022F2668}"
EndProject
Global
	GlobalSection(SolutionConfigurationPlatforms) = preSolution
		Debug|Any CPU = Debug|Any CPU
		Release|Any CPU = Release|Any CPU
	EndGlobalSection
	GlobalSection(ProjectConfigurationPlatforms) = postSolution
		{CD0693EF-2EC3-410C-AE10-61A0022F2668}.Debug|Any CPU.ActiveCfg = Debug|Any CPU
		{CD0693EF-2EC3-410C-AE10-61A0022F2668}.Debug|Any CPU.Build.0 = Debug|Any CPU
		{CD0693EF-2EC3-410C-AE10-61A0022F2668}.Release|Any CPU.ActiveCfg = Release|Any CPU
		{CD0693EF-2EC3-410C-AE10-61A0022F2668}.Release|Any CPU.Build.0 = Release|Any CPU
	EndGlobalSection
	GlobalSection(SolutionProperties) = preSolution
		HideSolutionNode = FALSE
	EndGlobalSection
	GlobalSection(ExtensibilityGlobals) = postSolution
		SolutionGuid = {4B81D562-E2A4-4AE3-87E3-3DC82F387220}
	EndGlobalSection
EndGlobal
